{
	"requires": true,
	"lockfileVersion": 1,
	"dependencies": {
		"@dcloudio/uni-ui": {
			"version": "1.4.12",
			"resolved": "https://registry.npmjs.org/@dcloudio/uni-ui/-/uni-ui-1.4.12.tgz",
			"integrity": "sha512-sGVHU8Fz/L6NtrsClw8d38SPI16oCgBBQ7fYBVTV1hgS8brFVL56ti9tbY/Qx5qw6+ZPzAzb9lfiG6Tqi4kIJw=="
		},
		"dayjs": {
			"version": "1.10.8",
			"resolved": "https://registry.npmjs.org/dayjs/-/dayjs-1.10.8.tgz",
			"integrity": "sha512-wbNwDfBHHur9UOzNUjeKUOJ0fCb0a52Wx0xInmQ7Y8FstyajiV1NmK1e00cxsr9YrE9r7yAChE0VvpuY5Rnlow=="
		},
		"image-tools": {
			"version": "1.4.0",
			"resolved": "https://registry.npmjs.org/image-tools/-/image-tools-1.4.0.tgz",
			"integrity": "sha512-TKtvJ6iUwM0mfaD4keMnk1ENHFC470QEjBfA3IlvKdEOufzvWbjbaoNcoyYq6HlViF8+d5tOS1ooE6j7CHf1lQ=="
		},
		"uview-ui": {
			"version": "2.0.28",
			"resolved": "https://registry.npmjs.org/uview-ui/-/uview-ui-2.0.28.tgz",
			"integrity": "sha512-H50WZJg/SIjpv1mcxvMaCcZgOWMyE+iWy7ANe/ZtvZgsPaYzMYzZdhiHl7ml0bA72fSJUseahSVLen8WhCVpRA=="
		}
	}
}
